
Microsoft Visual Studio Solution File, Format Version 12.00
# Visual Studio Version 16
VisualStudioVersion = 16.0.28803.156
MinimumVisualStudioVersion = 15.0.26124.0
Project("{2150E333-8FDC-42A3-9474-1A3956D46DE8}") = "src", "src", "{C10DD08A-BE88-4187-B885-36F25B240066}"
EndProject
Project("{9A19103F-16F7-4668-BE54-9A1E7A4F7556}") = "Infrastructure.Messaging", "src\Infrastructure.Messaging\Infrastructure.Messaging.csproj", "{3AD29375-8AD1-4D6B-9CE2-343378CB9D28}"
EndProject
Project("{9A19103F-16F7-4668-BE54-9A1E7A4F7556}") = "Infrastructure.Messaging.InMemory", "src\Infrastructure.Messaging.InMemory\Infrastructure.Messaging.InMemory.csproj", "{9AC7A4AC-B81B-4AF3-8AFD-491FFF9A053C}"
EndProject
Project("{2150E333-8FDC-42A3-9474-1A3956D46DE8}") = "tests", "tests", "{34F8FA2B-D257-41F0-B8CA-87B656A38108}"
EndProject
Project("{9A19103F-16F7-4668-BE54-9A1E7A4F7556}") = "Infrastructure.Messaging.Tests", "tests\Infrastructure.Messaging.Tests\Infrastructure.Messaging.Tests.csproj", "{65AFF01C-1010-48D2-A3C7-A1635E0FC50A}"
EndProject
Project("{9A19103F-16F7-4668-BE54-9A1E7A4F7556}") = "Infrastructure.Messaging.RabbitMQ", "src\Infrastructure.Messaging.RabbitMQ\Infrastructure.Messaging.RabbitMQ.csproj", "{3B684349-0A7A-4688-820E-ABA62CC2749E}"
EndProject
Project("{9A19103F-16F7-4668-BE54-9A1E7A4F7556}") = "Infrastructure.Messaging.Extensions.DependencyInjection", "src\Infrastructure.Messaging.Extensions.DependencyInjection\Infrastructure.Messaging.Extensions.DependencyInjection.csproj", "{4CC12331-EAF9-4FEF-A835-BC22484BC561}"
EndProject
Project("{2150E333-8FDC-42A3-9474-1A3956D46DE8}") = "samples", "samples", "{05F38609-D617-4FCC-92F2-404E48CDCF58}"
EndProject
Project("{9A19103F-16F7-4668-BE54-9A1E7A4F7556}") = "Worker", "samples\Worker\Worker.csproj", "{3BCCCE18-F12B-4960-AE4F-586DE48E1A31}"
EndProject
Project("{2150E333-8FDC-42A3-9474-1A3956D46DE8}") = "Solution Items", "Solution Items", "{8808761A-6B73-40EE-9B7D-CC0620227FFC}"
	ProjectSection(SolutionItems) = preProject
		.gitignore = .gitignore
		.travis.yml = .travis.yml
		messaging.gif = messaging.gif
		README.md = README.md
	EndProjectSection
EndProject
Global
	GlobalSection(SolutionConfigurationPlatforms) = preSolution
		Debug|Any CPU = Debug|Any CPU
		Debug|x64 = Debug|x64
		Debug|x86 = Debug|x86
		Release|Any CPU = Release|Any CPU
		Release|x64 = Release|x64
		Release|x86 = Release|x86
	EndGlobalSection
	GlobalSection(ProjectConfigurationPlatforms) = postSolution
		{3AD29375-8AD1-4D6B-9CE2-343378CB9D28}.Debug|Any CPU.ActiveCfg = Debug|Any CPU
		{3AD29375-8AD1-4D6B-9CE2-343378CB9D28}.Debug|Any CPU.Build.0 = Debug|Any CPU
		{3AD29375-8AD1-4D6B-9CE2-343378CB9D28}.Debug|x64.ActiveCfg = Debug|Any CPU
		{3AD29375-8AD1-4D6B-9CE2-343378CB9D28}.Debug|x64.Build.0 = Debug|Any CPU
		{3AD29375-8AD1-4D6B-9CE2-343378CB9D28}.Debug|x86.ActiveCfg = Debug|Any CPU
		{3AD29375-8AD1-4D6B-9CE2-343378CB9D28}.Debug|x86.Build.0 = Debug|Any CPU
		{3AD29375-8AD1-4D6B-9CE2-343378CB9D28}.Release|Any CPU.ActiveCfg = Release|Any CPU
		{3AD29375-8AD1-4D6B-9CE2-343378CB9D28}.Release|Any CPU.Build.0 = Release|Any CPU
		{3AD29375-8AD1-4D6B-9CE2-343378CB9D28}.Release|x64.ActiveCfg = Release|Any CPU
		{3AD29375-8AD1-4D6B-9CE2-343378CB9D28}.Release|x64.Build.0 = Release|Any CPU
		{3AD29375-8AD1-4D6B-9CE2-343378CB9D28}.Release|x86.ActiveCfg = Release|Any CPU
		{3AD29375-8AD1-4D6B-9CE2-343378CB9D28}.Release|x86.Build.0 = Release|Any CPU
		{9AC7A4AC-B81B-4AF3-8AFD-491FFF9A053C}.Debug|Any CPU.ActiveCfg = Debug|Any CPU
		{9AC7A4AC-B81B-4AF3-8AFD-491FFF9A053C}.Debug|Any CPU.Build.0 = Debug|Any CPU
		{9AC7A4AC-B81B-4AF3-8AFD-491FFF9A053C}.Debug|x64.ActiveCfg = Debug|Any CPU
		{9AC7A4AC-B81B-4AF3-8AFD-491FFF9A053C}.Debug|x64.Build.0 = Debug|Any CPU
		{9AC7A4AC-B81B-4AF3-8AFD-491FFF9A053C}.Debug|x86.ActiveCfg = Debug|Any CPU
		{9AC7A4AC-B81B-4AF3-8AFD-491FFF9A053C}.Debug|x86.Build.0 = Debug|Any CPU
		{9AC7A4AC-B81B-4AF3-8AFD-491FFF9A053C}.Release|Any CPU.ActiveCfg = Release|Any CPU
		{9AC7A4AC-B81B-4AF3-8AFD-491FFF9A053C}.Release|Any CPU.Build.0 = Release|Any CPU
		{9AC7A4AC-B81B-4AF3-8AFD-491FFF9A053C}.Release|x64.ActiveCfg = Release|Any CPU
		{9AC7A4AC-B81B-4AF3-8AFD-491FFF9A053C}.Release|x64.Build.0 = Release|Any CPU
		{9AC7A4AC-B81B-4AF3-8AFD-491FFF9A053C}.Release|x86.ActiveCfg = Release|Any CPU
		{9AC7A4AC-B81B-4AF3-8AFD-491FFF9A053C}.Release|x86.Build.0 = Release|Any CPU
		{65AFF01C-1010-48D2-A3C7-A1635E0FC50A}.Debug|Any CPU.ActiveCfg = Debug|Any CPU
		{65AFF01C-1010-48D2-A3C7-A1635E0FC50A}.Debug|Any CPU.Build.0 = Debug|Any CPU
		{65AFF01C-1010-48D2-A3C7-A1635E0FC50A}.Debug|x64.ActiveCfg = Debug|Any CPU
		{65AFF01C-1010-48D2-A3C7-A1635E0FC50A}.Debug|x64.Build.0 = Debug|Any CPU
		{65AFF01C-1010-48D2-A3C7-A1635E0FC50A}.Debug|x86.ActiveCfg = Debug|Any CPU
		{65AFF01C-1010-48D2-A3C7-A1635E0FC50A}.Debug|x86.Build.0 = Debug|Any CPU
		{65AFF01C-1010-48D2-A3C7-A1635E0FC50A}.Release|Any CPU.ActiveCfg = Release|Any CPU
		{65AFF01C-1010-48D2-A3C7-A1635E0FC50A}.Release|Any CPU.Build.0 = Release|Any CPU
		{65AFF01C-1010-48D2-A3C7-A1635E0FC50A}.Release|x64.ActiveCfg = Release|Any CPU
		{65AFF01C-1010-48D2-A3C7-A1635E0FC50A}.Release|x64.Build.0 = Release|Any CPU
		{65AFF01C-1010-48D2-A3C7-A1635E0FC50A}.Release|x86.ActiveCfg = Release|Any CPU
		{65AFF01C-1010-48D2-A3C7-A1635E0FC50A}.Release|x86.Build.0 = Release|Any CPU
		{3B684349-0A7A-4688-820E-ABA62CC2749E}.Debug|Any CPU.ActiveCfg = Debug|Any CPU
		{3B684349-0A7A-4688-820E-ABA62CC2749E}.Debug|Any CPU.Build.0 = Debug|Any CPU
		{3B684349-0A7A-4688-820E-ABA62CC2749E}.Debug|x64.ActiveCfg = Debug|Any CPU
		{3B684349-0A7A-4688-820E-ABA62CC2749E}.Debug|x64.Build.0 = Debug|Any CPU
		{3B684349-0A7A-4688-820E-ABA62CC2749E}.Debug|x86.ActiveCfg = Debug|Any CPU
		{3B684349-0A7A-4688-820E-ABA62CC2749E}.Debug|x86.Build.0 = Debug|Any CPU
		{3B684349-0A7A-4688-820E-ABA62CC2749E}.Release|Any CPU.ActiveCfg = Release|Any CPU
		{3B684349-0A7A-4688-820E-ABA62CC2749E}.Release|Any CPU.Build.0 = Release|Any CPU
		{3B684349-0A7A-4688-820E-ABA62CC2749E}.Release|x64.ActiveCfg = Release|Any CPU
		{3B684349-0A7A-4688-820E-ABA62CC2749E}.Release|x64.Build.0 = Release|Any CPU
		{3B684349-0A7A-4688-820E-ABA62CC2749E}.Release|x86.ActiveCfg = Release|Any CPU
		{3B684349-0A7A-4688-820E-ABA62CC2749E}.Release|x86.Build.0 = Release|Any CPU
		{4CC12331-EAF9-4FEF-A835-BC22484BC561}.Debug|Any CPU.ActiveCfg = Debug|Any CPU
		{4CC12331-EAF9-4FEF-A835-BC22484BC561}.Debug|Any CPU.Build.0 = Debug|Any CPU
		{4CC12331-EAF9-4FEF-A835-BC22484BC561}.Debug|x64.ActiveCfg = Debug|Any CPU
		{4CC12331-EAF9-4FEF-A835-BC22484BC561}.Debug|x64.Build.0 = Debug|Any CPU
		{4CC12331-EAF9-4FEF-A835-BC22484BC561}.Debug|x86.ActiveCfg = Debug|Any CPU
		{4CC12331-EAF9-4FEF-A835-BC22484BC561}.Debug|x86.Build.0 = Debug|Any CPU
		{4CC12331-EAF9-4FEF-A835-BC22484BC561}.Release|Any CPU.ActiveCfg = Release|Any CPU
		{4CC12331-EAF9-4FEF-A835-BC22484BC561}.Release|Any CPU.Build.0 = Release|Any CPU
		{4CC12331-EAF9-4FEF-A835-BC22484BC561}.Release|x64.ActiveCfg = Release|Any CPU
		{4CC12331-EAF9-4FEF-A835-BC22484BC561}.Release|x64.Build.0 = Release|Any CPU
		{4CC12331-EAF9-4FEF-A835-BC22484BC561}.Release|x86.ActiveCfg = Release|Any CPU
		{4CC12331-EAF9-4FEF-A835-BC22484BC561}.Release|x86.Build.0 = Release|Any CPU
		{3BCCCE18-F12B-4960-AE4F-586DE48E1A31}.Debug|Any CPU.ActiveCfg = Debug|Any CPU
		{3BCCCE18-F12B-4960-AE4F-586DE48E1A31}.Debug|Any CPU.Build.0 = Debug|Any CPU
		{3BCCCE18-F12B-4960-AE4F-586DE48E1A31}.Debug|x64.ActiveCfg = Debug|Any CPU
		{3BCCCE18-F12B-4960-AE4F-586DE48E1A31}.Debug|x64.Build.0 = Debug|Any CPU
		{3BCCCE18-F12B-4960-AE4F-586DE48E1A31}.Debug|x86.ActiveCfg = Debug|Any CPU
		{3BCCCE18-F12B-4960-AE4F-586DE48E1A31}.Debug|x86.Build.0 = Debug|Any CPU
		{3BCCCE18-F12B-4960-AE4F-586DE48E1A31}.Release|Any CPU.ActiveCfg = Release|Any CPU
		{3BCCCE18-F12B-4960-AE4F-586DE48E1A31}.Release|Any CPU.Build.0 = Release|Any CPU
		{3BCCCE18-F12B-4960-AE4F-586DE48E1A31}.Release|x64.ActiveCfg = Release|Any CPU
		{3BCCCE18-F12B-4960-AE4F-586DE48E1A31}.Release|x64.Build.0 = Release|Any CPU
		{3BCCCE18-F12B-4960-AE4F-586DE48E1A31}.Release|x86.ActiveCfg = Release|Any CPU
		{3BCCCE18-F12B-4960-AE4F-586DE48E1A31}.Release|x86.Build.0 = Release|Any CPU
	EndGlobalSection
	GlobalSection(SolutionProperties) = preSolution
		HideSolutionNode = FALSE
	EndGlobalSection
	GlobalSection(NestedProjects) = preSolution
		{3AD29375-8AD1-4D6B-9CE2-343378CB9D28} = {C10DD08A-BE88-4187-B885-36F25B240066}
		{9AC7A4AC-B81B-4AF3-8AFD-491FFF9A053C} = {C10DD08A-BE88-4187-B885-36F25B240066}
		{65AFF01C-1010-48D2-A3C7-A1635E0FC50A} = {34F8FA2B-D257-41F0-B8CA-87B656A38108}
		{3B684349-0A7A-4688-820E-ABA62CC2749E} = {C10DD08A-BE88-4187-B885-36F25B240066}
		{4CC12331-EAF9-4FEF-A835-BC22484BC561} = {C10DD08A-BE88-4187-B885-36F25B240066}
		{3BCCCE18-F12B-4960-AE4F-586DE48E1A31} = {05F38609-D617-4FCC-92F2-404E48CDCF58}
	EndGlobalSection
	GlobalSection(ExtensibilityGlobals) = postSolution
		SolutionGuid = {8EBD6749-9616-470A-93BD-EB2DA01E453E}
	EndGlobalSection
EndGlobal
