
Microsoft Visual Studio Solution File, Format Version 12.00
# Visual Studio 15
VisualStudioVersion = 15.0.26124.0
MinimumVisualStudioVersion = 15.0.26124.0
Project("{2150E333-8FDC-42A3-9474-1A3956D46DE8}") = "src", "src", "{C10DD08A-BE88-4187-B885-36F25B240066}"
EndProject
Project("{FAE04EC0-301F-11D3-BF4B-00C04F79EFBC}") = "Infrastructure.Messaging", "src\Infrastructure.Messaging\Infrastructure.Messaging.csproj", "{3AD29375-8AD1-4D6B-9CE2-343378CB9D28}"
EndProject
Project("{FAE04EC0-301F-11D3-BF4B-00C04F79EFBC}") = "Infrastructure.Messaging.InMemory", "src\Infrastructure.Messaging.InMemory\Infrastructure.Messaging.InMemory.csproj", "{9AC7A4AC-B81B-4AF3-8AFD-491FFF9A053C}"
EndProject
Project("{2150E333-8FDC-42A3-9474-1A3956D46DE8}") = "tests", "tests", "{34F8FA2B-D257-41F0-B8CA-87B656A38108}"
EndProject
Project("{FAE04EC0-301F-11D3-BF4B-00C04F79EFBC}") = "Infrastructure.Messaging.Tests", "tests\Infrastructure.Messaging.Tests\Infrastructure.Messaging.Tests.csproj", "{65AFF01C-1010-48D2-A3C7-A1635E0FC50A}"
EndProject
Global
	GlobalSection(SolutionConfigurationPlatforms) = preSolution
		Debug|Any CPU = Debug|Any CPU
		Debug|x64 = Debug|x64
		Debug|x86 = Debug|x86
		Release|Any CPU = Release|Any CPU
		Release|x64 = Release|x64
		Release|x86 = Release|x86
	EndGlobalSection
	GlobalSection(SolutionProperties) = preSolution
		HideSolutionNode = FALSE
	EndGlobalSection
	GlobalSection(ProjectConfigurationPlatforms) = postSolution
		{3AD29375-8AD1-4D6B-9CE2-343378CB9D28}.Debug|Any CPU.ActiveCfg = Debug|Any CPU
		{3AD29375-8AD1-4D6B-9CE2-343378CB9D28}.Debug|Any CPU.Build.0 = Debug|Any CPU
		{3AD29375-8AD1-4D6B-9CE2-343378CB9D28}.Debug|x64.ActiveCfg = Debug|Any CPU
		{3AD29375-8AD1-4D6B-9CE2-343378CB9D28}.Debug|x64.Build.0 = Debug|Any CPU
		{3AD29375-8AD1-4D6B-9CE2-343378CB9D28}.Debug|x86.ActiveCfg = Debug|Any CPU
		{3AD29375-8AD1-4D6B-9CE2-343378CB9D28}.Debug|x86.Build.0 = Debug|Any CPU
		{3AD29375-8AD1-4D6B-9CE2-343378CB9D28}.Release|Any CPU.ActiveCfg = Release|Any CPU
		{3AD29375-8AD1-4D6B-9CE2-343378CB9D28}.Release|Any CPU.Build.0 = Release|Any CPU
		{3AD29375-8AD1-4D6B-9CE2-343378CB9D28}.Release|x64.ActiveCfg = Release|Any CPU
		{3AD29375-8AD1-4D6B-9CE2-343378CB9D28}.Release|x64.Build.0 = Release|Any CPU
		{3AD29375-8AD1-4D6B-9CE2-343378CB9D28}.Release|x86.ActiveCfg = Release|Any CPU
		{3AD29375-8AD1-4D6B-9CE2-343378CB9D28}.Release|x86.Build.0 = Release|Any CPU
		{9AC7A4AC-B81B-4AF3-8AFD-491FFF9A053C}.Debug|Any CPU.ActiveCfg = Debug|Any CPU
		{9AC7A4AC-B81B-4AF3-8AFD-491FFF9A053C}.Debug|Any CPU.Build.0 = Debug|Any CPU
		{9AC7A4AC-B81B-4AF3-8AFD-491FFF9A053C}.Debug|x64.ActiveCfg = Debug|Any CPU
		{9AC7A4AC-B81B-4AF3-8AFD-491FFF9A053C}.Debug|x64.Build.0 = Debug|Any CPU
		{9AC7A4AC-B81B-4AF3-8AFD-491FFF9A053C}.Debug|x86.ActiveCfg = Debug|Any CPU
		{9AC7A4AC-B81B-4AF3-8AFD-491FFF9A053C}.Debug|x86.Build.0 = Debug|Any CPU
		{9AC7A4AC-B81B-4AF3-8AFD-491FFF9A053C}.Release|Any CPU.ActiveCfg = Release|Any CPU
		{9AC7A4AC-B81B-4AF3-8AFD-491FFF9A053C}.Release|Any CPU.Build.0 = Release|Any CPU
		{9AC7A4AC-B81B-4AF3-8AFD-491FFF9A053C}.Release|x64.ActiveCfg = Release|Any CPU
		{9AC7A4AC-B81B-4AF3-8AFD-491FFF9A053C}.Release|x64.Build.0 = Release|Any CPU
		{9AC7A4AC-B81B-4AF3-8AFD-491FFF9A053C}.Release|x86.ActiveCfg = Release|Any CPU
		{9AC7A4AC-B81B-4AF3-8AFD-491FFF9A053C}.Release|x86.Build.0 = Release|Any CPU
		{65AFF01C-1010-48D2-A3C7-A1635E0FC50A}.Debug|Any CPU.ActiveCfg = Debug|Any CPU
		{65AFF01C-1010-48D2-A3C7-A1635E0FC50A}.Debug|Any CPU.Build.0 = Debug|Any CPU
		{65AFF01C-1010-48D2-A3C7-A1635E0FC50A}.Debug|x64.ActiveCfg = Debug|Any CPU
		{65AFF01C-1010-48D2-A3C7-A1635E0FC50A}.Debug|x64.Build.0 = Debug|Any CPU
		{65AFF01C-1010-48D2-A3C7-A1635E0FC50A}.Debug|x86.ActiveCfg = Debug|Any CPU
		{65AFF01C-1010-48D2-A3C7-A1635E0FC50A}.Debug|x86.Build.0 = Debug|Any CPU
		{65AFF01C-1010-48D2-A3C7-A1635E0FC50A}.Release|Any CPU.ActiveCfg = Release|Any CPU
		{65AFF01C-1010-48D2-A3C7-A1635E0FC50A}.Release|Any CPU.Build.0 = Release|Any CPU
		{65AFF01C-1010-48D2-A3C7-A1635E0FC50A}.Release|x64.ActiveCfg = Release|Any CPU
		{65AFF01C-1010-48D2-A3C7-A1635E0FC50A}.Release|x64.Build.0 = Release|Any CPU
		{65AFF01C-1010-48D2-A3C7-A1635E0FC50A}.Release|x86.ActiveCfg = Release|Any CPU
		{65AFF01C-1010-48D2-A3C7-A1635E0FC50A}.Release|x86.Build.0 = Release|Any CPU
	EndGlobalSection
	GlobalSection(NestedProjects) = preSolution
		{3AD29375-8AD1-4D6B-9CE2-343378CB9D28} = {C10DD08A-BE88-4187-B885-36F25B240066}
		{9AC7A4AC-B81B-4AF3-8AFD-491FFF9A053C} = {C10DD08A-BE88-4187-B885-36F25B240066}
		{65AFF01C-1010-48D2-A3C7-A1635E0FC50A} = {34F8FA2B-D257-41F0-B8CA-87B656A38108}
	EndGlobalSection
EndGlobal
